
Microsoft Visual Studio Solution File, Format Version 12.00
# Visual Studio Version 16
VisualStudioVersion = 16.0.31727.386
MinimumVisualStudioVersion = 10.0.40219.1
Project("{FAE04EC0-301F-11D3-BF4B-00C04F79EFBC}") = "Debugging_Demo", "Debugging_Demo\Debugging_Demo.csproj", "{36DEB90D-66DB-4189-84F5-2E96753B6ECB}"
EndProject
Project("{FAE04EC0-301F-11D3-BF4B-00C04F79EFBC}") = "DemoTests", "Demo.Tests\DemoTests.csproj", "{8EDF4429-251A-416D-BB68-93F227191BCF}"
EndProject
Global
	GlobalSection(SolutionConfigurationPlatforms) = preSolution
		Debug|Any CPU = Debug|Any CPU
		Release|Any CPU = Release|Any CPU
	EndGlobalSection
	GlobalSection(ProjectConfigurationPlatforms) = postSolution
		{36DEB90D-66DB-4189-84F5-2E96753B6ECB}.Debug|Any CPU.ActiveCfg = Debug|Any CPU
		{36DEB90D-66DB-4189-84F5-2E96753B6ECB}.Debug|Any CPU.Build.0 = Debug|Any CPU
		{36DEB90D-66DB-4189-84F5-2E96753B6ECB}.Release|Any CPU.ActiveCfg = Release|Any CPU
		{36DEB90D-66DB-4189-84F5-2E96753B6ECB}.Release|Any CPU.Build.0 = Release|Any CPU
		{8EDF4429-251A-416D-BB68-93F227191BCF}.Debug|Any CPU.ActiveCfg = Debug|Any CPU
		{8EDF4429-251A-416D-BB68-93F227191BCF}.Debug|Any CPU.Build.0 = Debug|Any CPU
		{8EDF4429-251A-416D-BB68-93F227191BCF}.Release|Any CPU.ActiveCfg = Release|Any CPU
		{8EDF4429-251A-416D-BB68-93F227191BCF}.Release|Any CPU.Build.0 = Release|Any CPU
	EndGlobalSection
	GlobalSection(SolutionProperties) = preSolution
		HideSolutionNode = FALSE
	EndGlobalSection
	GlobalSection(ExtensibilityGlobals) = postSolution
		SolutionGuid = {0C2A8228-C244-4850-9652-E249A05F6599}
	EndGlobalSection
EndGlobal
